
Microsoft Visual Studio Solution File, Format Version 12.00
# Visual Studio Version 17
VisualStudioVersion = 17.12.35527.113
MinimumVisualStudioVersion = 10.0.40219.1
Project("{FAE04EC0-301F-11D3-BF4B-00C04F79EFBC}") = "Dll_UnitTest", "Dll_UnitTest.csproj", "{A3E91438-622F-444F-8849-70D22F563CDB}"
EndProject
Project("{FAE04EC0-301F-11D3-BF4B-00C04F79EFBC}") = "Dll_UnitTest.Test", "..\Dll_UnitTest.Test\Dll_UnitTest.Test.csproj", "{F71B5205-A69F-47AF-BF66-2A8D5BE43DAF}"
EndProject
Project("{FAE04EC0-301F-11D3-BF4B-00C04F79EFBC}") = "Dll_UnitTest_Start", "..\Dll_UnitTest_Start\Dll_UnitTest_Start.csproj", "{029652D4-D3DC-4851-95A5-BC3E2539CDE3}"
EndProject
Global
	GlobalSection(SolutionConfigurationPlatforms) = preSolution
		Debug|Any CPU = Debug|Any CPU
		Release|Any CPU = Release|Any CPU
	EndGlobalSection
	GlobalSection(ProjectConfigurationPlatforms) = postSolution
		{A3E91438-622F-444F-8849-70D22F563CDB}.Debug|Any CPU.ActiveCfg = Debug|Any CPU
		{A3E91438-622F-444F-8849-70D22F563CDB}.Debug|Any CPU.Build.0 = Debug|Any CPU
		{A3E91438-622F-444F-8849-70D22F563CDB}.Release|Any CPU.ActiveCfg = Release|Any CPU
		{A3E91438-622F-444F-8849-70D22F563CDB}.Release|Any CPU.Build.0 = Release|Any CPU
		{F71B5205-A69F-47AF-BF66-2A8D5BE43DAF}.Debug|Any CPU.ActiveCfg = Debug|Any CPU
		{F71B5205-A69F-47AF-BF66-2A8D5BE43DAF}.Debug|Any CPU.Build.0 = Debug|Any CPU
		{F71B5205-A69F-47AF-BF66-2A8D5BE43DAF}.Release|Any CPU.ActiveCfg = Release|Any CPU
		{F71B5205-A69F-47AF-BF66-2A8D5BE43DAF}.Release|Any CPU.Build.0 = Release|Any CPU
		{029652D4-D3DC-4851-95A5-BC3E2539CDE3}.Debug|Any CPU.ActiveCfg = Debug|Any CPU
		{029652D4-D3DC-4851-95A5-BC3E2539CDE3}.Debug|Any CPU.Build.0 = Debug|Any CPU
		{029652D4-D3DC-4851-95A5-BC3E2539CDE3}.Release|Any CPU.ActiveCfg = Release|Any CPU
		{029652D4-D3DC-4851-95A5-BC3E2539CDE3}.Release|Any CPU.Build.0 = Release|Any CPU
	EndGlobalSection
	GlobalSection(SolutionProperties) = preSolution
		HideSolutionNode = FALSE
	EndGlobalSection
EndGlobal
